
Microsoft Visual Studio Solution File, Format Version 12.00
# Visual Studio Version 16
VisualStudioVersion = 16.0.31424.327
MinimumVisualStudioVersion = 10.0.40219.1
Project("{54435603-DBB4-11D2-8724-00A0C9A8B90C}") = "pollapo-installer", "pollapo-installer.vdproj", "{2B4FD050-FF19-4217-A01B-778CF4B12250}"
EndProject
Global
	GlobalSection(SolutionConfigurationPlatforms) = preSolution
		Debug|Default = Debug|Default
		Release|Default = Release|Default
	EndGlobalSection
	GlobalSection(ProjectConfigurationPlatforms) = postSolution
		{2B4FD050-FF19-4217-A01B-778CF4B12250}.Debug|Default.ActiveCfg = Debug
		{2B4FD050-FF19-4217-A01B-778CF4B12250}.Debug|Default.Build.0 = Debug
		{2B4FD050-FF19-4217-A01B-778CF4B12250}.Release|Default.ActiveCfg = Release
		{2B4FD050-FF19-4217-A01B-778CF4B12250}.Release|Default.Build.0 = Release
	EndGlobalSection
	GlobalSection(SolutionProperties) = preSolution
		HideSolutionNode = FALSE
	EndGlobalSection
	GlobalSection(ExtensibilityGlobals) = postSolution
		SolutionGuid = {41B3925B-F288-4435-B342-6DBBBBA10EB6}
	EndGlobalSection
EndGlobal
